<?xml version="1.0" encoding="utf-8"?>
<Project ToolsVersion="4.0" xmlns="http://schemas.microsoft.com/developer/msbuild/2003">
  <ItemGroup>
    <Filter Include="Resources">
      <UniqueIdentifier>{67DA6AB6-F800-4c08-8B7A-83BB121AAD01}</UniqueIdentifier>
      <Extensions>rc;ico;cur;bmp;dlg;rc2;rct;bin;rgs;gif;jpg;jpeg;jpe;resx;tiff;tif;png;wav;mfcribbon-ms</Extensions>
    </Filter>
    <Filter Include="Resources\Sprites">
      <UniqueIdentifier>{edfef4de-de3c-48fb-9dbb-b961be381b9b}</UniqueIdentifier>
    </Filter>
    <Filter Include="Headers">
      <UniqueIdentifier>{93995380-89BD-4b04-88EB-625FBE52EBFB}</UniqueIdentifier>
      <Extensions>h;hh;hpp;hxx;hm;inl;inc;xsd</Extensions>
    </Filter>
    <Filter Include="Sources">
      <UniqueIdentifier>{4FC737F1-C7A5-4376-A066-2A32D752A2FF}</UniqueIdentifier>
      <Extensions>cpp;c;cc;cxx;def;odl;idl;hpj;bat;asm;asmx</Extensions>
    </Filter>
  </ItemGroup>
  <ItemGroup>
    <ClCompile Include="src\Game.cpp">
      <Filter>Sources</Filter>
    </ClCompile>
    <ClCompile Include="src\Graphics.cpp">
      <Filter>Sources</Filter>
    </ClCompile>
    <ClCompile Include="src\Input.cpp">
      <Filter>Sources</Filter>
    </ClCompile>
    <ClCompile Include="src\Main.cpp">
      <Filter>Sources</Filter>
    </ClCompile>
    <ClCompile Include="src\Sprite.cpp">
      <Filter>Sources</Filter>
    </ClCompile>
    <ClCompile Include="src\AnimatedSprite.cpp">
      <Filter>Sources</Filter>
    </ClCompile>
    <ClCompile Include="src\Player.cpp">
      <Filter>Sources</Filter>
    </ClCompile>
    <ClCompile Include="src\Level.cpp">
      <Filter>Sources</Filter>
    </ClCompile>
    <ClCompile Include="src\tinyxml2.cpp">
      <Filter>Sources</Filter>
    </ClCompile>
    <ClCompile Include="src\Tile.cpp">
      <Filter>Sources</Filter>
    </ClCompile>
  </ItemGroup>
  <ItemGroup>
    <ClInclude Include="Headers\Game.h">
      <Filter>Headers</Filter>
    </ClInclude>
    <ClInclude Include="Headers\Globals.h">
      <Filter>Headers</Filter>
    </ClInclude>
    <ClInclude Include="Headers\Graphics.h">
      <Filter>Headers</Filter>
    </ClInclude>
    <ClInclude Include="Headers\Input.h">
      <Filter>Headers</Filter>
    </ClInclude>
    <ClInclude Include="Headers\Sprite.h">
      <Filter>Headers</Filter>
    </ClInclude>
    <ClInclude Include="hdr\Game.h">
      <Filter>Headers</Filter>
    </ClInclude>
    <ClInclude Include="hdr\Globals.h">
      <Filter>Headers</Filter>
    </ClInclude>
    <ClInclude Include="hdr\Graphics.h">
      <Filter>Headers</Filter>
    </ClInclude>
    <ClInclude Include="hdr\Input.h">
      <Filter>Headers</Filter>
    </ClInclude>
    <ClInclude Include="hdr\Sprite.h">
      <Filter>Headers</Filter>
    </ClInclude>
    <ClInclude Include="hdr\AnimatedSprite.h">
      <Filter>Headers</Filter>
    </ClInclude>
    <ClInclude Include="hdr\Player.h">
      <Filter>Headers</Filter>
    </ClInclude>
    <ClInclude Include="hdr\Level.h">
      <Filter>Headers</Filter>
    </ClInclude>
    <ClInclude Include="hdr\tinyxml2.h">
      <Filter>Headers</Filter>
    </ClInclude>
    <ClInclude Include="hdr\Tile.h">
      <Filter>Headers</Filter>
    </ClInclude>
    <ClInclude Include="hdr\Rectangle.h">
      <Filter>Headers</Filter>
    </ClInclude>
  </ItemGroup>
  <ItemGroup>
    <Library Include="libs\SDL2.lib" />
    <Library Include="libs\SDL2_image.lib" />
    <Library Include="libs\SDL2main.lib" />
  </ItemGroup>
  <ItemGroup>
    <Image Include="res\sprites\MyChar.png">
      <Filter>Resources</Filter>
    </Image>
    <Image Include="res\backgrounds\bkBlue.png">
      <Filter>Resources</Filter>
    </Image>
    <Image Include="res\tilesets\PrtCave.png">
      <Filter>Resources</Filter>
    </Image>
  </ItemGroup>
  <ItemGroup>
    <None Include="res\maps\map1.tmx" />
    <None Include="res\maps\map2.tmx" />
  </ItemGroup>
</Project>